
Microsoft Visual Studio Solution File, Format Version 12.00
# Visual Studio Version 17
VisualStudioVersion = 17.8.34330.188
MinimumVisualStudioVersion = 10.0.40219.1
Project("{FAE04EC0-301F-11D3-BF4B-00C04F79EFBC}") = "Database assessment Final", "Database assessment Final\Database assessment Final.csproj", "{F512140C-70B0-4056-8880-D581203FE9AB}"
EndProject
Global
	GlobalSection(SolutionConfigurationPlatforms) = preSolution
		Debug|Any CPU = Debug|Any CPU
		Release|Any CPU = Release|Any CPU
	EndGlobalSection
	GlobalSection(ProjectConfigurationPlatforms) = postSolution
		{F512140C-70B0-4056-8880-D581203FE9AB}.Debug|Any CPU.ActiveCfg = Debug|Any CPU
		{F512140C-70B0-4056-8880-D581203FE9AB}.Debug|Any CPU.Build.0 = Debug|Any CPU
		{F512140C-70B0-4056-8880-D581203FE9AB}.Release|Any CPU.ActiveCfg = Release|Any CPU
		{F512140C-70B0-4056-8880-D581203FE9AB}.Release|Any CPU.Build.0 = Release|Any CPU
	EndGlobalSection
	GlobalSection(SolutionProperties) = preSolution
		HideSolutionNode = FALSE
	EndGlobalSection
	GlobalSection(ExtensibilityGlobals) = postSolution
		SolutionGuid = {2F148EC5-8E23-4E53-A534-D9235EE8F165}
	EndGlobalSection
EndGlobal
